
Microsoft Visual Studio Solution File, Format Version 12.00
# Visual Studio 15
VisualStudioVersion = 15.0.27428.2011
MinimumVisualStudioVersion = 10.0.40219.1
Project("{FAE04EC0-301F-11D3-BF4B-00C04F79EFBC}") = "CodeGeneration", "CodeGeneration\CodeGeneration.csproj", "{7BCC73E4-EEC6-4789-9E6A-D538F52A7829}"
EndProject
Global
	GlobalSection(SolutionConfigurationPlatforms) = preSolution
		Debug|Any CPU = Debug|Any CPU
		Release|Any CPU = Release|Any CPU
	EndGlobalSection
	GlobalSection(ProjectConfigurationPlatforms) = postSolution
		{7BCC73E4-EEC6-4789-9E6A-D538F52A7829}.Debug|Any CPU.ActiveCfg = Debug|Any CPU
		{7BCC73E4-EEC6-4789-9E6A-D538F52A7829}.Debug|Any CPU.Build.0 = Debug|Any CPU
		{7BCC73E4-EEC6-4789-9E6A-D538F52A7829}.Release|Any CPU.ActiveCfg = Release|Any CPU
		{7BCC73E4-EEC6-4789-9E6A-D538F52A7829}.Release|Any CPU.Build.0 = Release|Any CPU
	EndGlobalSection
	GlobalSection(SolutionProperties) = preSolution
		HideSolutionNode = FALSE
	EndGlobalSection
	GlobalSection(ExtensibilityGlobals) = postSolution
		SolutionGuid = {2EA823F8-FAF0-4259-A3AE-FF1B99AB09DA}
	EndGlobalSection
EndGlobal
